{
  "version": 4,
  "terraform_version": "1.13.4",
  "serial": 17,
  "lineage": "22ffa321-6e54-91fd-54b6-fa8c017d26e7",
  "outputs": {
    "controller_public_ip": {
      "value": "184.72.229.124",
      "type": "string"
    },
    "manager_public_ip": {
      "value": "54.86.208.143",
      "type": "string"
    },
    "worker_a_public_ip": {
      "value": "18.211.165.39",
      "type": "string"
    },
    "worker_b_public_ip": {
      "value": "100.24.238.89",
      "type": "string"
    }
  },
  "resources": [
    {
      "mode": "data",
      "type": "aws_ami",
      "name": "ubuntu",
      "provider": "provider[\"registry.terraform.io/hashicorp/aws\"]",
      "instances": [
        {
          "schema_version": 0,
          "attributes": {
            "allow_unsafe_filter": null,
            "architecture": "x86_64",
            "arn": "arn:aws:ec2:us-east-1::image/ami-0fb0b230890ccd1e6",
            "block_device_mappings": [
              {
                "device_name": "/dev/sda1",
                "ebs": {
                  "delete_on_termination": "true",
                  "encrypted": "false",
                  "iops": "0",
                  "snapshot_id": "snap-01a042ee8ac5da832",
                  "throughput": "0",
                  "volume_initialization_rate": "0",
                  "volume_size": "8",
                  "volume_type": "gp2"
                },
                "no_device": "",
                "virtual_name": ""
              },
              {
                "device_name": "/dev/sdb",
                "ebs": {},
                "no_device": "",
                "virtual_name": "ephemeral0"
              },
              {
                "device_name": "/dev/sdc",
                "ebs": {},
                "no_device": "",
                "virtual_name": "ephemeral1"
              }
            ],
            "boot_mode": "legacy-bios",
            "creation_date": "2025-06-25T05:33:11.000Z",
            "deprecation_time": "2027-06-25T05:33:11.000Z",
            "description": "Canonical, Ubuntu, 20.04, amd64 focal image",
            "ena_support": true,
            "executable_users": null,
            "filter": [
              {
                "name": "name",
                "values": [
                  "ubuntu/images/hvm-ssd/ubuntu-focal-20.04-amd64-server-*"
                ]
              }
            ],
            "hypervisor": "xen",
            "id": "ami-0fb0b230890ccd1e6",
            "image_id": "ami-0fb0b230890ccd1e6",
            "image_location": "amazon/ubuntu/images/hvm-ssd/ubuntu-focal-20.04-amd64-server-20250624",
            "image_owner_alias": "amazon",
            "image_type": "machine",
            "imds_support": "",
            "include_deprecated": false,
            "kernel_id": "",
            "last_launched_time": "",
            "most_recent": true,
            "name": "ubuntu/images/hvm-ssd/ubuntu-focal-20.04-amd64-server-20250624",
            "name_regex": null,
            "owner_id": "099720109477",
            "owners": [
              "099720109477"
            ],
            "platform": "",
            "platform_details": "Linux/UNIX",
            "product_codes": [],
            "public": true,
            "ramdisk_id": "",
            "region": "us-east-1",
            "root_device_name": "/dev/sda1",
            "root_device_type": "ebs",
            "root_snapshot_id": "snap-01a042ee8ac5da832",
            "sriov_net_support": "simple",
            "state": "available",
            "state_reason": {
              "code": "UNSET",
              "message": "UNSET"
            },
            "tags": {},
            "timeouts": null,
            "tpm_support": "",
            "uefi_data": null,
            "usage_operation": "RunInstances",
            "virtualization_type": "hvm"
          },
          "sensitive_attributes": [],
          "identity_schema_version": 0
        }
      ]
    },
    {
      "mode": "managed",
      "type": "aws_eip",
      "name": "controller_ip",
      "provider": "provider[\"registry.terraform.io/hashicorp/aws\"]",
      "instances": [
        {
          "schema_version": 0,
          "attributes": {
            "address": null,
            "allocation_id": "eipalloc-08ca36c2a033481c8",
            "arn": "arn:aws:ec2:us-east-1:122610506587:elastic-ip/eipalloc-08ca36c2a033481c8",
            "associate_with_private_ip": null,
            "association_id": "eipassoc-0653d0c14145afab4",
            "carrier_ip": "",
            "customer_owned_ip": "",
            "customer_owned_ipv4_pool": "",
            "domain": "vpc",
            "id": "eipalloc-08ca36c2a033481c8",
            "instance": "i-0384596f7958f4588",
            "ipam_pool_id": null,
            "network_border_group": "us-east-1",
            "network_interface": "eni-0f4daa878bfbfe2f1",
            "private_dns": "ip-172-31-59-102.ec2.internal",
            "private_ip": "172.31.59.102",
            "ptr_record": "",
            "public_dns": "ec2-184-72-229-124.compute-1.amazonaws.com",
            "public_ip": "184.72.229.124",
            "public_ipv4_pool": "amazon",
            "region": "us-east-1",
            "tags": {},
            "tags_all": {},
            "timeouts": null
          },
          "sensitive_attributes": [],
          "identity_schema_version": 0,
          "private": "eyJlMmJmYjczMC1lY2FhLTExZTYtOGY4OC0zNDM2M2JjN2M0YzAiOnsiZGVsZXRlIjoxODAwMDAwMDAwMDAsInJlYWQiOjkwMDAwMDAwMDAwMCwidXBkYXRlIjozMDAwMDAwMDAwMDB9fQ==",
          "dependencies": [
            "aws_instance.controller",
            "aws_key_pair.terraform_key",
            "aws_security_group.terraform_sg",
            "data.aws_ami.ubuntu",
            "tls_private_key.mykey"
          ]
        }
      ]
    },
    {
      "mode": "managed",
      "type": "aws_eip",
      "name": "manager_ip",
      "provider": "provider[\"registry.terraform.io/hashicorp/aws\"]",
      "instances": [
        {
          "schema_version": 0,
          "attributes": {
            "address": null,
            "allocation_id": "eipalloc-02babf740b3991a87",
            "arn": "arn:aws:ec2:us-east-1:122610506587:elastic-ip/eipalloc-02babf740b3991a87",
            "associate_with_private_ip": null,
            "association_id": "eipassoc-0feae8c97482045a2",
            "carrier_ip": "",
            "customer_owned_ip": "",
            "customer_owned_ipv4_pool": "",
            "domain": "vpc",
            "id": "eipalloc-02babf740b3991a87",
            "instance": "i-042060d0c9503e8df",
            "ipam_pool_id": null,
            "network_border_group": "us-east-1",
            "network_interface": "eni-048ae6f20b7c9d4b5",
            "private_dns": "ip-172-31-60-222.ec2.internal",
            "private_ip": "172.31.60.222",
            "ptr_record": "",
            "public_dns": "ec2-54-86-208-143.compute-1.amazonaws.com",
            "public_ip": "54.86.208.143",
            "public_ipv4_pool": "amazon",
            "region": "us-east-1",
            "tags": null,
            "tags_all": {},
            "timeouts": null
          },
          "sensitive_attributes": [],
          "identity_schema_version": 0,
          "private": "eyJlMmJmYjczMC1lY2FhLTExZTYtOGY4OC0zNDM2M2JjN2M0YzAiOnsiZGVsZXRlIjoxODAwMDAwMDAwMDAsInJlYWQiOjkwMDAwMDAwMDAwMCwidXBkYXRlIjozMDAwMDAwMDAwMDB9fQ==",
          "dependencies": [
            "aws_instance.manager",
            "aws_key_pair.terraform_key",
            "aws_security_group.terraform_sg",
            "data.aws_ami.ubuntu",
            "tls_private_key.mykey"
          ]
        }
      ]
    },
    {
      "mode": "managed",
      "type": "aws_eip",
      "name": "worker_a_ip",
      "provider": "provider[\"registry.terraform.io/hashicorp/aws\"]",
      "instances": [
        {
          "schema_version": 0,
          "attributes": {
            "address": null,
            "allocation_id": "eipalloc-0e72bb09c775e9ab3",
            "arn": "arn:aws:ec2:us-east-1:122610506587:elastic-ip/eipalloc-0e72bb09c775e9ab3",
            "associate_with_private_ip": null,
            "association_id": "eipassoc-04d6db6f15c22c4ed",
            "carrier_ip": "",
            "customer_owned_ip": "",
            "customer_owned_ipv4_pool": "",
            "domain": "vpc",
            "id": "eipalloc-0e72bb09c775e9ab3",
            "instance": "i-0bd889c2656e56619",
            "ipam_pool_id": null,
            "network_border_group": "us-east-1",
            "network_interface": "eni-08b789677d2b8c1d0",
            "private_dns": "ip-172-31-52-89.ec2.internal",
            "private_ip": "172.31.52.89",
            "ptr_record": "",
            "public_dns": "ec2-18-211-165-39.compute-1.amazonaws.com",
            "public_ip": "18.211.165.39",
            "public_ipv4_pool": "amazon",
            "region": "us-east-1",
            "tags": null,
            "tags_all": {},
            "timeouts": null
          },
          "sensitive_attributes": [],
          "identity_schema_version": 0,
          "private": "eyJlMmJmYjczMC1lY2FhLTExZTYtOGY4OC0zNDM2M2JjN2M0YzAiOnsiZGVsZXRlIjoxODAwMDAwMDAwMDAsInJlYWQiOjkwMDAwMDAwMDAwMCwidXBkYXRlIjozMDAwMDAwMDAwMDB9fQ==",
          "dependencies": [
            "aws_instance.worker_a",
            "aws_key_pair.terraform_key",
            "aws_security_group.terraform_sg",
            "data.aws_ami.ubuntu",
            "tls_private_key.mykey"
          ]
        }
      ]
    },
    {
      "mode": "managed",
      "type": "aws_eip",
      "name": "worker_b_ip",
      "provider": "provider[\"registry.terraform.io/hashicorp/aws\"]",
      "instances": [
        {
          "schema_version": 0,
          "attributes": {
            "address": null,
            "allocation_id": "eipalloc-00924cc0d26f15d4a",
            "arn": "arn:aws:ec2:us-east-1:122610506587:elastic-ip/eipalloc-00924cc0d26f15d4a",
            "associate_with_private_ip": null,
            "association_id": "eipassoc-04cd8fbb6a442161c",
            "carrier_ip": "",
            "customer_owned_ip": "",
            "customer_owned_ipv4_pool": "",
            "domain": "vpc",
            "id": "eipalloc-00924cc0d26f15d4a",
            "instance": "i-034ae7cd37d529d79",
            "ipam_pool_id": null,
            "network_border_group": "us-east-1",
            "network_interface": "eni-08f8f263be93a968b",
            "private_dns": "ip-172-31-62-1.ec2.internal",
            "private_ip": "172.31.62.1",
            "ptr_record": "",
            "public_dns": "ec2-100-24-238-89.compute-1.amazonaws.com",
            "public_ip": "100.24.238.89",
            "public_ipv4_pool": "amazon",
            "region": "us-east-1",
            "tags": null,
            "tags_all": {},
            "timeouts": null
          },
          "sensitive_attributes": [],
          "identity_schema_version": 0,
          "private": "eyJlMmJmYjczMC1lY2FhLTExZTYtOGY4OC0zNDM2M2JjN2M0YzAiOnsiZGVsZXRlIjoxODAwMDAwMDAwMDAsInJlYWQiOjkwMDAwMDAwMDAwMCwidXBkYXRlIjozMDAwMDAwMDAwMDB9fQ==",
          "dependencies": [
            "aws_instance.worker_b",
            "aws_key_pair.terraform_key",
            "aws_security_group.terraform_sg",
            "data.aws_ami.ubuntu",
            "tls_private_key.mykey"
          ]
        }
      ]
    },
    {
      "mode": "managed",
      "type": "aws_instance",
      "name": "controller",
      "provider": "provider[\"registry.terraform.io/hashicorp/aws\"]",
      "instances": [
        {
          "schema_version": 2,
          "attributes": {
            "ami": "ami-0fb0b230890ccd1e6",
            "arn": "arn:aws:ec2:us-east-1:122610506587:instance/i-0384596f7958f4588",
            "associate_public_ip_address": true,
            "availability_zone": "us-east-1e",
            "capacity_reservation_specification": [
              {
                "capacity_reservation_preference": "open",
                "capacity_reservation_target": []
              }
            ],
            "cpu_options": [
              {
                "amd_sev_snp": "",
                "core_count": 1,
                "threads_per_core": 1
              }
            ],
            "credit_specification": [
              {
                "cpu_credits": "standard"
              }
            ],
            "disable_api_stop": false,
            "disable_api_termination": false,
            "ebs_block_device": [],
            "ebs_optimized": false,
            "enable_primary_ipv6": null,
            "enclave_options": [
              {
                "enabled": false
              }
            ],
            "ephemeral_block_device": [],
            "force_destroy": false,
            "get_password_data": false,
            "hibernation": false,
            "host_id": "",
            "host_resource_group_arn": null,
            "iam_instance_profile": "",
            "id": "i-0384596f7958f4588",
            "instance_initiated_shutdown_behavior": "stop",
            "instance_lifecycle": "",
            "instance_market_options": [],
            "instance_state": "running",
            "instance_type": "t2.micro",
            "ipv6_address_count": 0,
            "ipv6_addresses": [],
            "key_name": "terraform-key",
            "launch_template": [],
            "maintenance_options": [
              {
                "auto_recovery": "default"
              }
            ],
            "metadata_options": [
              {
                "http_endpoint": "enabled",
                "http_protocol_ipv6": "disabled",
                "http_put_response_hop_limit": 1,
                "http_tokens": "optional",
                "instance_metadata_tags": "disabled"
              }
            ],
            "monitoring": false,
            "network_interface": [],
            "outpost_arn": "",
            "password_data": "",
            "placement_group": "",
            "placement_group_id": "",
            "placement_partition_number": 0,
            "primary_network_interface": [
              {
                "delete_on_termination": true,
                "network_interface_id": "eni-0f4daa878bfbfe2f1"
              }
            ],
            "primary_network_interface_id": "eni-0f4daa878bfbfe2f1",
            "private_dns": "ip-172-31-59-102.ec2.internal",
            "private_dns_name_options": [
              {
                "enable_resource_name_dns_a_record": false,
                "enable_resource_name_dns_aaaa_record": false,
                "hostname_type": "ip-name"
              }
            ],
            "private_ip": "172.31.59.102",
            "public_dns": "ec2-184-72-229-124.compute-1.amazonaws.com",
            "public_ip": "184.72.229.124",
            "region": "us-east-1",
            "root_block_device": [
              {
                "delete_on_termination": true,
                "device_name": "/dev/sda1",
                "encrypted": false,
                "iops": 100,
                "kms_key_id": "",
                "tags": {},
                "tags_all": {},
                "throughput": 0,
                "volume_id": "vol-0146fa36092fbde36",
                "volume_size": 8,
                "volume_type": "gp2"
              }
            ],
            "secondary_private_ips": [],
            "security_groups": [
              "terraform-sg"
            ],
            "source_dest_check": true,
            "spot_instance_request_id": "",
            "subnet_id": "subnet-0ad5c79dad63012ff",
            "tags": {
              "Name": "Controller"
            },
            "tags_all": {
              "Name": "Controller"
            },
            "tenancy": "default",
            "timeouts": null,
            "user_data": null,
            "user_data_base64": null,
            "user_data_replace_on_change": false,
            "volume_tags": null,
            "vpc_security_group_ids": [
              "sg-0890f47aee0ae27a6"
            ]
          },
          "sensitive_attributes": [],
          "identity_schema_version": 0,
          "identity": {
            "account_id": "122610506587",
            "id": "i-0384596f7958f4588",
            "region": "us-east-1"
          },
          "private": "eyJlMmJmYjczMC1lY2FhLTExZTYtOGY4OC0zNDM2M2JjN2M0YzAiOnsiY3JlYXRlIjo2MDAwMDAwMDAwMDAsImRlbGV0ZSI6MTIwMDAwMDAwMDAwMCwicmVhZCI6OTAwMDAwMDAwMDAwLCJ1cGRhdGUiOjYwMDAwMDAwMDAwMH0sInNjaGVtYV92ZXJzaW9uIjoiMiJ9",
          "dependencies": [
            "aws_key_pair.terraform_key",
            "aws_security_group.terraform_sg",
            "data.aws_ami.ubuntu",
            "tls_private_key.mykey"
          ]
        }
      ]
    },
    {
      "mode": "managed",
      "type": "aws_instance",
      "name": "manager",
      "provider": "provider[\"registry.terraform.io/hashicorp/aws\"]",
      "instances": [
        {
          "schema_version": 2,
          "attributes": {
            "ami": "ami-0fb0b230890ccd1e6",
            "arn": "arn:aws:ec2:us-east-1:122610506587:instance/i-042060d0c9503e8df",
            "associate_public_ip_address": true,
            "availability_zone": "us-east-1e",
            "capacity_reservation_specification": [
              {
                "capacity_reservation_preference": "open",
                "capacity_reservation_target": []
              }
            ],
            "cpu_options": [
              {
                "amd_sev_snp": "",
                "core_count": 1,
                "threads_per_core": 1
              }
            ],
            "credit_specification": [
              {
                "cpu_credits": "standard"
              }
            ],
            "disable_api_stop": false,
            "disable_api_termination": false,
            "ebs_block_device": [],
            "ebs_optimized": false,
            "enable_primary_ipv6": null,
            "enclave_options": [
              {
                "enabled": false
              }
            ],
            "ephemeral_block_device": [],
            "force_destroy": false,
            "get_password_data": false,
            "hibernation": false,
            "host_id": "",
            "host_resource_group_arn": null,
            "iam_instance_profile": "",
            "id": "i-042060d0c9503e8df",
            "instance_initiated_shutdown_behavior": "stop",
            "instance_lifecycle": "",
            "instance_market_options": [],
            "instance_state": "running",
            "instance_type": "t2.micro",
            "ipv6_address_count": 0,
            "ipv6_addresses": [],
            "key_name": "terraform-key",
            "launch_template": [],
            "maintenance_options": [
              {
                "auto_recovery": "default"
              }
            ],
            "metadata_options": [
              {
                "http_endpoint": "enabled",
                "http_protocol_ipv6": "disabled",
                "http_put_response_hop_limit": 1,
                "http_tokens": "optional",
                "instance_metadata_tags": "disabled"
              }
            ],
            "monitoring": false,
            "network_interface": [],
            "outpost_arn": "",
            "password_data": "",
            "placement_group": "",
            "placement_group_id": "",
            "placement_partition_number": 0,
            "primary_network_interface": [
              {
                "delete_on_termination": true,
                "network_interface_id": "eni-048ae6f20b7c9d4b5"
              }
            ],
            "primary_network_interface_id": "eni-048ae6f20b7c9d4b5",
            "private_dns": "ip-172-31-60-222.ec2.internal",
            "private_dns_name_options": [
              {
                "enable_resource_name_dns_a_record": false,
                "enable_resource_name_dns_aaaa_record": false,
                "hostname_type": "ip-name"
              }
            ],
            "private_ip": "172.31.60.222",
            "public_dns": "ec2-54-83-168-196.compute-1.amazonaws.com",
            "public_ip": "54.83.168.196",
            "region": "us-east-1",
            "root_block_device": [
              {
                "delete_on_termination": true,
                "device_name": "/dev/sda1",
                "encrypted": false,
                "iops": 100,
                "kms_key_id": "",
                "tags": {},
                "tags_all": {},
                "throughput": 0,
                "volume_id": "vol-0ffb58ad52d806fbd",
                "volume_size": 8,
                "volume_type": "gp2"
              }
            ],
            "secondary_private_ips": [],
            "security_groups": [
              "terraform-sg"
            ],
            "source_dest_check": true,
            "spot_instance_request_id": "",
            "subnet_id": "subnet-0ad5c79dad63012ff",
            "tags": {
              "Name": "Manager"
            },
            "tags_all": {
              "Name": "Manager"
            },
            "tenancy": "default",
            "timeouts": null,
            "user_data": null,
            "user_data_base64": null,
            "user_data_replace_on_change": false,
            "volume_tags": null,
            "vpc_security_group_ids": [
              "sg-0890f47aee0ae27a6"
            ]
          },
          "sensitive_attributes": [],
          "identity_schema_version": 0,
          "identity": {
            "account_id": "122610506587",
            "id": "i-042060d0c9503e8df",
            "region": "us-east-1"
          },
          "private": "eyJlMmJmYjczMC1lY2FhLTExZTYtOGY4OC0zNDM2M2JjN2M0YzAiOnsiY3JlYXRlIjo2MDAwMDAwMDAwMDAsImRlbGV0ZSI6MTIwMDAwMDAwMDAwMCwicmVhZCI6OTAwMDAwMDAwMDAwLCJ1cGRhdGUiOjYwMDAwMDAwMDAwMH0sInNjaGVtYV92ZXJzaW9uIjoiMiJ9",
          "dependencies": [
            "aws_key_pair.terraform_key",
            "aws_security_group.terraform_sg",
            "data.aws_ami.ubuntu",
            "tls_private_key.mykey"
          ]
        }
      ]
    },
    {
      "mode": "managed",
      "type": "aws_instance",
      "name": "worker_a",
      "provider": "provider[\"registry.terraform.io/hashicorp/aws\"]",
      "instances": [
        {
          "schema_version": 2,
          "attributes": {
            "ami": "ami-0fb0b230890ccd1e6",
            "arn": "arn:aws:ec2:us-east-1:122610506587:instance/i-0bd889c2656e56619",
            "associate_public_ip_address": true,
            "availability_zone": "us-east-1e",
            "capacity_reservation_specification": [
              {
                "capacity_reservation_preference": "open",
                "capacity_reservation_target": []
              }
            ],
            "cpu_options": [
              {
                "amd_sev_snp": "",
                "core_count": 1,
                "threads_per_core": 1
              }
            ],
            "credit_specification": [
              {
                "cpu_credits": "standard"
              }
            ],
            "disable_api_stop": false,
            "disable_api_termination": false,
            "ebs_block_device": [],
            "ebs_optimized": false,
            "enable_primary_ipv6": null,
            "enclave_options": [
              {
                "enabled": false
              }
            ],
            "ephemeral_block_device": [],
            "force_destroy": false,
            "get_password_data": false,
            "hibernation": false,
            "host_id": "",
            "host_resource_group_arn": null,
            "iam_instance_profile": "",
            "id": "i-0bd889c2656e56619",
            "instance_initiated_shutdown_behavior": "stop",
            "instance_lifecycle": "",
            "instance_market_options": [],
            "instance_state": "running",
            "instance_type": "t2.micro",
            "ipv6_address_count": 0,
            "ipv6_addresses": [],
            "key_name": "terraform-key",
            "launch_template": [],
            "maintenance_options": [
              {
                "auto_recovery": "default"
              }
            ],
            "metadata_options": [
              {
                "http_endpoint": "enabled",
                "http_protocol_ipv6": "disabled",
                "http_put_response_hop_limit": 1,
                "http_tokens": "optional",
                "instance_metadata_tags": "disabled"
              }
            ],
            "monitoring": false,
            "network_interface": [],
            "outpost_arn": "",
            "password_data": "",
            "placement_group": "",
            "placement_group_id": "",
            "placement_partition_number": 0,
            "primary_network_interface": [
              {
                "delete_on_termination": true,
                "network_interface_id": "eni-08b789677d2b8c1d0"
              }
            ],
            "primary_network_interface_id": "eni-08b789677d2b8c1d0",
            "private_dns": "ip-172-31-52-89.ec2.internal",
            "private_dns_name_options": [
              {
                "enable_resource_name_dns_a_record": false,
                "enable_resource_name_dns_aaaa_record": false,
                "hostname_type": "ip-name"
              }
            ],
            "private_ip": "172.31.52.89",
            "public_dns": "ec2-54-236-53-135.compute-1.amazonaws.com",
            "public_ip": "54.236.53.135",
            "region": "us-east-1",
            "root_block_device": [
              {
                "delete_on_termination": true,
                "device_name": "/dev/sda1",
                "encrypted": false,
                "iops": 100,
                "kms_key_id": "",
                "tags": {},
                "tags_all": {},
                "throughput": 0,
                "volume_id": "vol-01aac8b3070555dd4",
                "volume_size": 8,
                "volume_type": "gp2"
              }
            ],
            "secondary_private_ips": [],
            "security_groups": [
              "terraform-sg"
            ],
            "source_dest_check": true,
            "spot_instance_request_id": "",
            "subnet_id": "subnet-0ad5c79dad63012ff",
            "tags": {
              "Name": "WorkerA"
            },
            "tags_all": {
              "Name": "WorkerA"
            },
            "tenancy": "default",
            "timeouts": null,
            "user_data": null,
            "user_data_base64": null,
            "user_data_replace_on_change": false,
            "volume_tags": null,
            "vpc_security_group_ids": [
              "sg-0890f47aee0ae27a6"
            ]
          },
          "sensitive_attributes": [],
          "identity_schema_version": 0,
          "identity": {
            "account_id": "122610506587",
            "id": "i-0bd889c2656e56619",
            "region": "us-east-1"
          },
          "private": "eyJlMmJmYjczMC1lY2FhLTExZTYtOGY4OC0zNDM2M2JjN2M0YzAiOnsiY3JlYXRlIjo2MDAwMDAwMDAwMDAsImRlbGV0ZSI6MTIwMDAwMDAwMDAwMCwicmVhZCI6OTAwMDAwMDAwMDAwLCJ1cGRhdGUiOjYwMDAwMDAwMDAwMH0sInNjaGVtYV92ZXJzaW9uIjoiMiJ9",
          "dependencies": [
            "aws_key_pair.terraform_key",
            "aws_security_group.terraform_sg",
            "data.aws_ami.ubuntu",
            "tls_private_key.mykey"
          ]
        }
      ]
    },
    {
      "mode": "managed",
      "type": "aws_instance",
      "name": "worker_b",
      "provider": "provider[\"registry.terraform.io/hashicorp/aws\"]",
      "instances": [
        {
          "schema_version": 2,
          "attributes": {
            "ami": "ami-0fb0b230890ccd1e6",
            "arn": "arn:aws:ec2:us-east-1:122610506587:instance/i-034ae7cd37d529d79",
            "associate_public_ip_address": true,
            "availability_zone": "us-east-1e",
            "capacity_reservation_specification": [
              {
                "capacity_reservation_preference": "open",
                "capacity_reservation_target": []
              }
            ],
            "cpu_options": [
              {
                "amd_sev_snp": "",
                "core_count": 1,
                "threads_per_core": 1
              }
            ],
            "credit_specification": [
              {
                "cpu_credits": "standard"
              }
            ],
            "disable_api_stop": false,
            "disable_api_termination": false,
            "ebs_block_device": [],
            "ebs_optimized": false,
            "enable_primary_ipv6": null,
            "enclave_options": [
              {
                "enabled": false
              }
            ],
            "ephemeral_block_device": [],
            "force_destroy": false,
            "get_password_data": false,
            "hibernation": false,
            "host_id": "",
            "host_resource_group_arn": null,
            "iam_instance_profile": "",
            "id": "i-034ae7cd37d529d79",
            "instance_initiated_shutdown_behavior": "stop",
            "instance_lifecycle": "",
            "instance_market_options": [],
            "instance_state": "running",
            "instance_type": "t2.micro",
            "ipv6_address_count": 0,
            "ipv6_addresses": [],
            "key_name": "terraform-key",
            "launch_template": [],
            "maintenance_options": [
              {
                "auto_recovery": "default"
              }
            ],
            "metadata_options": [
              {
                "http_endpoint": "enabled",
                "http_protocol_ipv6": "disabled",
                "http_put_response_hop_limit": 1,
                "http_tokens": "optional",
                "instance_metadata_tags": "disabled"
              }
            ],
            "monitoring": false,
            "network_interface": [],
            "outpost_arn": "",
            "password_data": "",
            "placement_group": "",
            "placement_group_id": "",
            "placement_partition_number": 0,
            "primary_network_interface": [
              {
                "delete_on_termination": true,
                "network_interface_id": "eni-08f8f263be93a968b"
              }
            ],
            "primary_network_interface_id": "eni-08f8f263be93a968b",
            "private_dns": "ip-172-31-62-1.ec2.internal",
            "private_dns_name_options": [
              {
                "enable_resource_name_dns_a_record": false,
                "enable_resource_name_dns_aaaa_record": false,
                "hostname_type": "ip-name"
              }
            ],
            "private_ip": "172.31.62.1",
            "public_dns": "ec2-18-206-207-161.compute-1.amazonaws.com",
            "public_ip": "18.206.207.161",
            "region": "us-east-1",
            "root_block_device": [
              {
                "delete_on_termination": true,
                "device_name": "/dev/sda1",
                "encrypted": false,
                "iops": 100,
                "kms_key_id": "",
                "tags": {},
                "tags_all": {},
                "throughput": 0,
                "volume_id": "vol-0db17cab163a66515",
                "volume_size": 8,
                "volume_type": "gp2"
              }
            ],
            "secondary_private_ips": [],
            "security_groups": [
              "terraform-sg"
            ],
            "source_dest_check": true,
            "spot_instance_request_id": "",
            "subnet_id": "subnet-0ad5c79dad63012ff",
            "tags": {
              "Name": "WorkerB"
            },
            "tags_all": {
              "Name": "WorkerB"
            },
            "tenancy": "default",
            "timeouts": null,
            "user_data": null,
            "user_data_base64": null,
            "user_data_replace_on_change": false,
            "volume_tags": null,
            "vpc_security_group_ids": [
              "sg-0890f47aee0ae27a6"
            ]
          },
          "sensitive_attributes": [],
          "identity_schema_version": 0,
          "identity": {
            "account_id": "122610506587",
            "id": "i-034ae7cd37d529d79",
            "region": "us-east-1"
          },
          "private": "eyJlMmJmYjczMC1lY2FhLTExZTYtOGY4OC0zNDM2M2JjN2M0YzAiOnsiY3JlYXRlIjo2MDAwMDAwMDAwMDAsImRlbGV0ZSI6MTIwMDAwMDAwMDAwMCwicmVhZCI6OTAwMDAwMDAwMDAwLCJ1cGRhdGUiOjYwMDAwMDAwMDAwMH0sInNjaGVtYV92ZXJzaW9uIjoiMiJ9",
          "dependencies": [
            "aws_key_pair.terraform_key",
            "aws_security_group.terraform_sg",
            "data.aws_ami.ubuntu",
            "tls_private_key.mykey"
          ]
        }
      ]
    },
    {
      "mode": "managed",
      "type": "aws_key_pair",
      "name": "terraform_key",
      "provider": "provider[\"registry.terraform.io/hashicorp/aws\"]",
      "instances": [
        {
          "schema_version": 1,
          "attributes": {
            "arn": "arn:aws:ec2:us-east-1:122610506587:key-pair/terraform-key",
            "fingerprint": "6c:f6:52:88:12:f2:bf:ae:1b:91:a9:41:5e:76:43:e9",
            "id": "terraform-key",
            "key_name": "terraform-key",
            "key_name_prefix": "",
            "key_pair_id": "key-00185cf513228244b",
            "key_type": "rsa",
            "public_key": "ssh-rsa AAAAB3NzaC1yc2EAAAADAQABAAACAQCzVh085aAoOK5Yf5gcxs4k3iCk3MVHOZhTWaLILD4PbRlNhtuDIdLa/lpUjhoca8aivVruojrhcMUyQ9NdWsIiP8xc8Zf1mvSv8YE0uyKjpbcg/cM+IKod/DgKIdJBLUnyXPkNxk14EI8xs7Vy8Y2FrnPCWSRL6Ksj73QacuuhREOvHCcEYR8FEiTaHgi2aOLBExMfLCodBgU0ySJUZ7/mCakYVxTHqTFYDlAIV5n+HXBSqF61mg5zGDck2HuRZXl0N8QfOr6Fh1uvnZ0IQ2ZlDYuG1F3bit37swqSsIXLPXZDH87jnq17DzjwRGjIojTXt39ef+udAqySD3C+M/qWEPTlWwFkhVS9NiE80n5VLOP30f4SYS3XkuBkI34BVCnJW/us54SW4OzU0dyAPrbWxJMN/nABEOtVtPxpoRoM8VM7pVK9ENPCn3fh+bVbFW5cPI+i6sPYTuopePiFP29b2Y21107zjVqamphmK5hjCH+mAQ84LTcF6HNwxblsRB/1tiW50sLjtXbwIPFJJW6pzIny6vO2RvDhirAnwWkLYqSsMZsdL3DZzbttWXgrrkqv+9x6HQtRvV47hsSI7xB/F/lBRK0CxBgNKoC5yMGa2+xzyO8jFnypjUGENLYZurpYUJ3BUlZLq/+gueQ677otfixLZUaHk20tJEhGvhPKsQ==",
            "region": "us-east-1",
            "tags": {},
            "tags_all": {}
          },
          "sensitive_attributes": [],
          "identity_schema_version": 0,
          "private": "eyJzY2hlbWFfdmVyc2lvbiI6IjEifQ==",
          "dependencies": [
            "tls_private_key.mykey"
          ]
        }
      ]
    },
    {
      "mode": "managed",
      "type": "aws_security_group",
      "name": "terraform_sg",
      "provider": "provider[\"registry.terraform.io/hashicorp/aws\"]",
      "instances": [
        {
          "schema_version": 1,
          "attributes": {
            "arn": "arn:aws:ec2:us-east-1:122610506587:security-group/sg-0890f47aee0ae27a6",
            "description": "Allow SSH, HTTP, HTTPS",
            "egress": [
              {
                "cidr_blocks": [
                  "0.0.0.0/0"
                ],
                "description": "",
                "from_port": 0,
                "ipv6_cidr_blocks": [],
                "prefix_list_ids": [],
                "protocol": "-1",
                "security_groups": [],
                "self": false,
                "to_port": 0
              }
            ],
            "id": "sg-0890f47aee0ae27a6",
            "ingress": [
              {
                "cidr_blocks": [
                  "0.0.0.0/0"
                ],
                "description": "HTTP",
                "from_port": 80,
                "ipv6_cidr_blocks": [],
                "prefix_list_ids": [],
                "protocol": "tcp",
                "security_groups": [],
                "self": false,
                "to_port": 80
              },
              {
                "cidr_blocks": [
                  "0.0.0.0/0"
                ],
                "description": "HTTPS",
                "from_port": 443,
                "ipv6_cidr_blocks": [],
                "prefix_list_ids": [],
                "protocol": "tcp",
                "security_groups": [],
                "self": false,
                "to_port": 443
              },
              {
                "cidr_blocks": [
                  "0.0.0.0/0"
                ],
                "description": "SSH",
                "from_port": 22,
                "ipv6_cidr_blocks": [],
                "prefix_list_ids": [],
                "protocol": "tcp",
                "security_groups": [],
                "self": false,
                "to_port": 22
              }
            ],
            "name": "terraform-sg",
            "name_prefix": "",
            "owner_id": "122610506587",
            "region": "us-east-1",
            "revoke_rules_on_delete": false,
            "tags": {},
            "tags_all": {},
            "timeouts": null,
            "vpc_id": "vpc-0115610baab458781"
          },
          "sensitive_attributes": [],
          "identity_schema_version": 0,
          "identity": {
            "account_id": "122610506587",
            "id": "sg-0890f47aee0ae27a6",
            "region": "us-east-1"
          },
          "private": "eyJlMmJmYjczMC1lY2FhLTExZTYtOGY4OC0zNDM2M2JjN2M0YzAiOnsiY3JlYXRlIjo2MDAwMDAwMDAwMDAsImRlbGV0ZSI6OTAwMDAwMDAwMDAwfSwic2NoZW1hX3ZlcnNpb24iOiIxIn0="
        }
      ]
    },
    {
      "mode": "managed",
      "type": "local_file",
      "name": "private_key_pem",
      "provider": "provider[\"registry.terraform.io/hashicorp/local\"]",
      "instances": [
        {
          "schema_version": 0,
          "attributes": {
            "content": "-----BEGIN RSA PRIVATE KEY-----\nMIIJJwIBAAKCAgEAs1YdPOWgKDiuWH+YHMbOJN4gpNzFRzmYU1miyCw+D20ZTYbb\ngyHS2v5aVI4aHGvGor1a7qI64XDFMkPTXVrCIj/MXPGX9Zr0r/GBNLsio6W3IP3D\nPiCqHfw4CiHSQS1J8lz5DcZNeBCPMbO1cvGNha5zwlkkS+irI+90GnLroURDrxwn\nBGEfBRIk2h4ItmjiwRMTHywqHQYFNMkiVGe/5gmpGFcUx6kxWA5QCFeZ/h1wUqhe\ntZoOcxg3JNh7kWV5dDfEHzq+hYdbr52dCENmZQ2LhtRd24rd+7MKkrCFyz12Qx/O\n456tew848ERoyKI017d/Xn/rnQKskg9wvjP6lhD05VsBZIVUvTYhPNJ+VSzj99H+\nEmEt15LgZCN+AVQpyVv7rOeEluDs1NHcgD621sSTDf5wARDrVbT8aaEaDPFTO6VS\nvRDTwp934fm1WxVuXDyPourD2E7qKXj4hT9vW9mNtddO841ampqYZiuYYwh/pgEP\nOC03BehzcMW5bEQf9bYludLC47V28CDxSSVuqcyJ8urztkbw4YqwJ8FpC2KkrDGb\nHS9w2c27bVl4K65Kr/vceh0LUb1eO4bEiO8Qfxf5QUStAsQYDSqAucjBmtvsc8jv\nIxZ8qY1BhDS2Gbq6WFCdwVJWS6v/oLnkOu+6LX4sS2VGh5NtLSRIRr4TyrECAwEA\nAQKCAgANhJQ3nudvoLYjnZqNsL6hMM0tICcOs1y0C7GlfRBAgWzC10N8ovQN5dZR\nQVTeh5E1eyh7jGb7z1BN9abdBpZTlpOE/gECVmfTS1T98I0v4LHpHre02yl3kSd4\nPAxpNUy5pCBx1VzJjBX/HRi0TVjplrjLEYUW47biwo3x4G+6fDbN4EVgoyF/dFqq\nxlDJzyYof5OVafLStT13OSIJUri4UkoYt5etZSd/B7Uoq9HDwdxRnrdk4PPt4Qln\nEZpe31NEW1/BKuBpmEZk+nB3yvzQ6TB3PVLF1bXd3yUQ4ZV0OHHNpXwm1DMnb4JP\nOhjb5r4s9Hv5V5MfBrCTYe6Rp8Ffphzy5ygDwBoFqAV+huMjdtbKmvB3PUDFbjE9\n/1QalMMFEzTAjLXhDaufjbh1Y0C9ALkJKmltrsNm7wmn3wlVIemucJeDqKYUXiQI\n86AzV/PjWOfVG7q8UZgyWZ8VmIU6BikGyza2m4LufQSuOKZ5Q9Fdz7pMYeIw5h5V\nqcTD2sPm/GX6PQ7Z81P42whdi5XasifZ49CIrg2VP9Kn485mWervuTj5plAiNX5p\nLvkcbbF9buesoUDOwrabXJ8AJwLUULyLXzWxGgmD2iH44/hJLb9xFBrlb9qld9NP\nfXtAj+V1WtJvLtnwkcCNqGY3V77PJIssa1HMpHhOP0lq4tEjAQKCAQEA3g0H21I9\nZOY1shPfDYj2tfL/YxZY/iQ70KuuVf/tunw8/OtfbXfOTghJZJcScY3o19RyO96h\nLygDz9oVDhYDS5o1nL6dADNBm3zSNbUDekvNEuMcKQExSFEfY4nc0xqAjYxCpLpx\nvDAEK73ZZG+Y6F6wUXrY4tzuyBayUiqh3EOcEurltaoy9XTr+zhNydsDB0oU2FDd\n6/uyQ4UO+N9B8AVuvBHMb9JU7lpOoVDe43mlrGv3gOpz6B/NTGa9lWB+RrjEK6mQ\nzRexM5V7loKnbkUiyWbnYE3BkZYZSwX+vVk1IEidJVc6rnkuMmN8aagqAv39C4oz\nn21NoetGsgsQuQKCAQEAzsFB0giM5heVtneSm585DOaH/mVvS9IfpatEzS0ir/tk\nqgHOIGA6mvEgMIkNA1voqri03tTyAnVKuIlopTHW5qpJst4dJ4u4+MQtbOGCga2v\ndWBY+BPoGM/5MwAByNe6/ehRmsSA32OyAT3hSENuLaxhNhp7Q8rq9UlFLtHeH1Ke\n2yXBgf0sLi9nEzXyPVgKrrr+bU1qxgISmXdkuvIl4alP5kO5rD/C+XcpOCNkfCe7\nUDYUSO5+tn6VB9+EJYD73W/zrcpsy/URW/sMI6zA87yFQhKfES2YDKB3hC6m8/Jh\nkVqiWOITfmZZMN0AIdbJeWcNjDLl+SHvSME2903duQKCAQApFcQkYn0VlDrPLjoR\nKQxs8f8q+FGTBGVE4N8q7mWwIZivO2W2vXogmgvqXsF83UL93EMerLyqGv9JkBJh\nPtVxQaE11Vb7WICFIn1KjqmMEUZqfjcRpzTVKp1iL3n6XWb3ycHy9MRii4faCBCX\nMsbaB9sb2F0U7MgJoZlw9o5oUOIp5eiGym0PWYjoPKy38pwG10AwHhZRuYpsT8xL\nZBOxM3AfwDNRZVttlqwB0RLMiA+NbZSn97lmc6vqvP/LCcWTlFBHu+Ic8ItK/heV\n66rLDmO3XCDngruUEm+vn/ZYVo8r4AOjixZCfg18KUg1zHWphBEz92hB0VmR4hR8\nkOuRAoIBAAxyE605+IlNOCTgs8GMZxnAssT8hCOTRXZqhdy379OaFWgqbacDQ+PZ\nye9CALeIC8xjC/gx51OAjfvnwZXYFzCRZZhPyH996KeI35cjSADYXKx7HT/pqtn7\nguuv/2uAmO/50Re45m0MCkYK3InGDVbQfpWMKIlfKJ+VRoXX+j/2cDuO3UQe4k7x\naYn9gFRy/UmhVflsZJYAv+/fAQBD3UXlNDsPLpkQyYLMyn1nm//hQGRGrRfqy1Pe\n8Meli8XaKs8ckxWODtiEKwRXa1amaoMBgSAGEO8uyG1SJ3+cc05R88+VHhqtmTDN\npmbLlttym3QkYOtkkPVbNpUxlEZ0uHkCggEAeV/j22BskNMspWGApgCJxsOByu/6\n3jULoGPlg5ysQhNIK9JiOWZ+Y0c5b9reGMC2OTJSmSTa6lJiCeOiDKfr7JtJD6ia\nJwMt0clNWprYzBk20nzJvTGSQ08OMPyfWiB1+Ts2p2hwDbt0YXsRYFta4UWdB0X2\nget89LnsfkhF5+8EkrGFxEkNpUX7SAaamysP4nWKhLnOQwoEKM/WPF8gTQ9bgKCO\nupOFsjomst3qc9KjWBpmU8d4UKwsqTCx01cJ5HVIcTu+qANTOClqpiLi1mvJRIw2\noML6X2bLuxMq8QUEttytCdNS4oOV0PPHqwfRy0NiEExE/AttPWzpLz/obw==\n-----END RSA PRIVATE KEY-----\n",
            "content_base64": null,
            "content_base64sha256": "dORlvgSossSBfoADq5+BIxfmUjrTUvdcCLn8CaKKvKY=",
            "content_base64sha512": "JRHkRBh6WW8q7D9mQ1RTbTrFPJJhXD2Tb62nys/fHC7saaaYzqIBJ+c7uNBfvLsxWyFkSUF9Dq4SQqJMsYahhg==",
            "content_md5": "7ccb9b53c42b31389e744e3dbdfd6510",
            "content_sha1": "a25fc02be52bffd001aaad3127b5c0fe7414e778",
            "content_sha256": "74e465be04a8b2c4817e8003ab9f812317e6523ad352f75c08b9fc09a28abca6",
            "content_sha512": "2511e444187a596f2aec3f664354536d3ac53c92615c3d936fada7cacfdf1c2eec69a698cea20127e73bb8d05fbcbb315b216449417d0eae1242a24cb186a186",
            "directory_permission": "0777",
            "file_permission": "0777",
            "filename": "./terraform-key.pem",
            "id": "a25fc02be52bffd001aaad3127b5c0fe7414e778",
            "sensitive_content": null,
            "source": null
          },
          "sensitive_attributes": [
            [
              {
                "type": "get_attr",
                "value": "content"
              }
            ],
            [
              {
                "type": "get_attr",
                "value": "sensitive_content"
              }
            ]
          ],
          "identity_schema_version": 0,
          "dependencies": [
            "tls_private_key.mykey"
          ]
        }
      ]
    },
    {
      "mode": "managed",
      "type": "tls_private_key",
      "name": "mykey",
      "provider": "provider[\"registry.terraform.io/hashicorp/tls\"]",
      "instances": [
        {
          "schema_version": 1,
          "attributes": {
            "algorithm": "RSA",
            "ecdsa_curve": "P224",
            "id": "ca00a2d2c6da6a26d55f42ac5f27e78421429092",
            "private_key_openssh": "-----BEGIN OPENSSH PRIVATE KEY-----\nb3BlbnNzaC1rZXktdjEAAAAABG5vbmUAAAAEbm9uZQAAAAAAAAABAAACFwAAAAdz\nc2gtcnNhAAAAAwEAAQAAAgEAs1YdPOWgKDiuWH+YHMbOJN4gpNzFRzmYU1miyCw+\nD20ZTYbbgyHS2v5aVI4aHGvGor1a7qI64XDFMkPTXVrCIj/MXPGX9Zr0r/GBNLsi\no6W3IP3DPiCqHfw4CiHSQS1J8lz5DcZNeBCPMbO1cvGNha5zwlkkS+irI+90GnLr\noURDrxwnBGEfBRIk2h4ItmjiwRMTHywqHQYFNMkiVGe/5gmpGFcUx6kxWA5QCFeZ\n/h1wUqhetZoOcxg3JNh7kWV5dDfEHzq+hYdbr52dCENmZQ2LhtRd24rd+7MKkrCF\nyz12Qx/O456tew848ERoyKI017d/Xn/rnQKskg9wvjP6lhD05VsBZIVUvTYhPNJ+\nVSzj99H+EmEt15LgZCN+AVQpyVv7rOeEluDs1NHcgD621sSTDf5wARDrVbT8aaEa\nDPFTO6VSvRDTwp934fm1WxVuXDyPourD2E7qKXj4hT9vW9mNtddO841ampqYZiuY\nYwh/pgEPOC03BehzcMW5bEQf9bYludLC47V28CDxSSVuqcyJ8urztkbw4YqwJ8Fp\nC2KkrDGbHS9w2c27bVl4K65Kr/vceh0LUb1eO4bEiO8Qfxf5QUStAsQYDSqAucjB\nmtvsc8jvIxZ8qY1BhDS2Gbq6WFCdwVJWS6v/oLnkOu+6LX4sS2VGh5NtLSRIRr4T\nyrEAAAc4p5kPaaeZD2kAAAAHc3NoLXJzYQAAAgEAs1YdPOWgKDiuWH+YHMbOJN4g\npNzFRzmYU1miyCw+D20ZTYbbgyHS2v5aVI4aHGvGor1a7qI64XDFMkPTXVrCIj/M\nXPGX9Zr0r/GBNLsio6W3IP3DPiCqHfw4CiHSQS1J8lz5DcZNeBCPMbO1cvGNha5z\nwlkkS+irI+90GnLroURDrxwnBGEfBRIk2h4ItmjiwRMTHywqHQYFNMkiVGe/5gmp\nGFcUx6kxWA5QCFeZ/h1wUqhetZoOcxg3JNh7kWV5dDfEHzq+hYdbr52dCENmZQ2L\nhtRd24rd+7MKkrCFyz12Qx/O456tew848ERoyKI017d/Xn/rnQKskg9wvjP6lhD0\n5VsBZIVUvTYhPNJ+VSzj99H+EmEt15LgZCN+AVQpyVv7rOeEluDs1NHcgD621sST\nDf5wARDrVbT8aaEaDPFTO6VSvRDTwp934fm1WxVuXDyPourD2E7qKXj4hT9vW9mN\ntddO841ampqYZiuYYwh/pgEPOC03BehzcMW5bEQf9bYludLC47V28CDxSSVuqcyJ\n8urztkbw4YqwJ8FpC2KkrDGbHS9w2c27bVl4K65Kr/vceh0LUb1eO4bEiO8Qfxf5\nQUStAsQYDSqAucjBmtvsc8jvIxZ8qY1BhDS2Gbq6WFCdwVJWS6v/oLnkOu+6LX4s\nS2VGh5NtLSRIRr4TyrEAAAADAQABAAACAA2ElDee52+gtiOdmo2wvqEwzS0gJw6z\nXLQLsaV9EECBbMLXQ3yi9A3l1lFBVN6HkTV7KHuMZvvPUE31pt0GllOWk4T+AQJW\nZ9NLVP3wjS/gseket7TbKXeRJ3g8DGk1TLmkIHHVXMmMFf8dGLRNWOmWuMsRhRbj\ntuLCjfHgb7p8Ns3gRWCjIX90WqrGUMnPJih/k5Vp8tK1PXc5IglSuLhSShi3l61l\nJ38HtSir0cPB3FGet2Tg8+3hCWcRml7fU0RbX8Eq4GmYRmT6cHfK/NDpMHc9UsXV\ntd3fJRDhlXQ4cc2lfCbUMydvgk86GNvmviz0e/lXkx8GsJNh7pGnwV+mHPLnKAPA\nGgWoBX6G4yN21sqa8Hc9QMVuMT3/VBqUwwUTNMCMteENq5+NuHVjQL0AuQkqaW2u\nw2bvCaffCVUh6a5wl4OophReJAjzoDNX8+NY59UburxRmDJZnxWYhToGKQbLNrab\ngu59BK44pnlD0V3Pukxh4jDmHlWpxMPaw+b8Zfo9DtnzU/jbCF2LldqyJ9nj0Iiu\nDZU/0qfjzmZZ6u+5OPmmUCI1fmku+RxtsX1u56yhQM7CtptcnwAnAtRQvItfNbEa\nCYPaIfjj+Ektv3EUGuVv2qV30099e0CP5XVa0m8u2fCRwI2oZjdXvs8kiyxrUcyk\neE4/SWri0SMBAAABAHlf49tgbJDTLKVhgKYAicbDgcrv+t41C6Bj5YOcrEITSCvS\nYjlmfmNHOW/a3hjAtjkyUpkk2upSYgnjogyn6+ybSQ+omicDLdHJTVqa2MwZNtJ8\nyb0xkkNPDjD8n1ogdfk7NqdocA27dGF7EWBbWuFFnQdF9oHrfPS57H5IRefvBJKx\nhcRJDaVF+0gGmpsrD+J1ioS5zkMKBCjP1jxfIE0PW4CgjrqThbI6JrLd6nPSo1ga\nZlPHeFCsLKkwsdNXCeR1SHE7vqgDUzgpaqYi4tZryUSMNqDC+l9my7sTKvEFBLbc\nrQnTUuKDldDzx6sH0ctDYhBMRPwLbT1s6S8/6G8AAAEBAN4NB9tSPWTmNbIT3w2I\n9rXy/2MWWP4kO9CrrlX/7bp8PPzrX213zk4ISWSXEnGN6NfUcjveoS8oA8/aFQ4W\nA0uaNZy+nQAzQZt80jW1A3pLzRLjHCkBMUhRH2OJ3NMagI2MQqS6cbwwBCu92WRv\nmOhesFF62OLc7sgWslIqodxDnBLq5bWqMvV06/s4TcnbAwdKFNhQ3ev7skOFDvjf\nQfAFbrwRzG/SVO5aTqFQ3uN5paxr94Dqc+gfzUxmvZVgfka4xCupkM0XsTOVe5aC\np25FIslm52BNwZGWGUsF/r1ZNSBInSVXOq55LjJjfGmoKgL9/QuKM59tTaHrRrIL\nELkAAAEBAM7BQdIIjOYXlbZ3kpufOQzmh/5lb0vSH6WrRM0tIq/7ZKoBziBgOprx\nIDCJDQNb6Kq4tN7U8gJ1SriJaKUx1uaqSbLeHSeLuPjELWzhgoGtr3VgWPgT6BjP\n+TMAAcjXuv3oUZrEgN9jsgE94UhDbi2sYTYae0PK6vVJRS7R3h9SntslwYH9LC4v\nZxM18j1YCq66/m1NasYCEpl3ZLryJeGpT+ZDuaw/wvl3KTgjZHwnu1A2FEjufrZ+\nlQffhCWA+91v863KbMv1EVv7DCOswPO8hUISnxEtmAygd4QupvPyYZFaoljiE35m\nWTDdACHWyXlnDYwy5fkh70jBNvdN3bkAAAAAAQID\n-----END OPENSSH PRIVATE KEY-----\n",
            "private_key_pem": "-----BEGIN RSA PRIVATE KEY-----\nMIIJJwIBAAKCAgEAs1YdPOWgKDiuWH+YHMbOJN4gpNzFRzmYU1miyCw+D20ZTYbb\ngyHS2v5aVI4aHGvGor1a7qI64XDFMkPTXVrCIj/MXPGX9Zr0r/GBNLsio6W3IP3D\nPiCqHfw4CiHSQS1J8lz5DcZNeBCPMbO1cvGNha5zwlkkS+irI+90GnLroURDrxwn\nBGEfBRIk2h4ItmjiwRMTHywqHQYFNMkiVGe/5gmpGFcUx6kxWA5QCFeZ/h1wUqhe\ntZoOcxg3JNh7kWV5dDfEHzq+hYdbr52dCENmZQ2LhtRd24rd+7MKkrCFyz12Qx/O\n456tew848ERoyKI017d/Xn/rnQKskg9wvjP6lhD05VsBZIVUvTYhPNJ+VSzj99H+\nEmEt15LgZCN+AVQpyVv7rOeEluDs1NHcgD621sSTDf5wARDrVbT8aaEaDPFTO6VS\nvRDTwp934fm1WxVuXDyPourD2E7qKXj4hT9vW9mNtddO841ampqYZiuYYwh/pgEP\nOC03BehzcMW5bEQf9bYludLC47V28CDxSSVuqcyJ8urztkbw4YqwJ8FpC2KkrDGb\nHS9w2c27bVl4K65Kr/vceh0LUb1eO4bEiO8Qfxf5QUStAsQYDSqAucjBmtvsc8jv\nIxZ8qY1BhDS2Gbq6WFCdwVJWS6v/oLnkOu+6LX4sS2VGh5NtLSRIRr4TyrECAwEA\nAQKCAgANhJQ3nudvoLYjnZqNsL6hMM0tICcOs1y0C7GlfRBAgWzC10N8ovQN5dZR\nQVTeh5E1eyh7jGb7z1BN9abdBpZTlpOE/gECVmfTS1T98I0v4LHpHre02yl3kSd4\nPAxpNUy5pCBx1VzJjBX/HRi0TVjplrjLEYUW47biwo3x4G+6fDbN4EVgoyF/dFqq\nxlDJzyYof5OVafLStT13OSIJUri4UkoYt5etZSd/B7Uoq9HDwdxRnrdk4PPt4Qln\nEZpe31NEW1/BKuBpmEZk+nB3yvzQ6TB3PVLF1bXd3yUQ4ZV0OHHNpXwm1DMnb4JP\nOhjb5r4s9Hv5V5MfBrCTYe6Rp8Ffphzy5ygDwBoFqAV+huMjdtbKmvB3PUDFbjE9\n/1QalMMFEzTAjLXhDaufjbh1Y0C9ALkJKmltrsNm7wmn3wlVIemucJeDqKYUXiQI\n86AzV/PjWOfVG7q8UZgyWZ8VmIU6BikGyza2m4LufQSuOKZ5Q9Fdz7pMYeIw5h5V\nqcTD2sPm/GX6PQ7Z81P42whdi5XasifZ49CIrg2VP9Kn485mWervuTj5plAiNX5p\nLvkcbbF9buesoUDOwrabXJ8AJwLUULyLXzWxGgmD2iH44/hJLb9xFBrlb9qld9NP\nfXtAj+V1WtJvLtnwkcCNqGY3V77PJIssa1HMpHhOP0lq4tEjAQKCAQEA3g0H21I9\nZOY1shPfDYj2tfL/YxZY/iQ70KuuVf/tunw8/OtfbXfOTghJZJcScY3o19RyO96h\nLygDz9oVDhYDS5o1nL6dADNBm3zSNbUDekvNEuMcKQExSFEfY4nc0xqAjYxCpLpx\nvDAEK73ZZG+Y6F6wUXrY4tzuyBayUiqh3EOcEurltaoy9XTr+zhNydsDB0oU2FDd\n6/uyQ4UO+N9B8AVuvBHMb9JU7lpOoVDe43mlrGv3gOpz6B/NTGa9lWB+RrjEK6mQ\nzRexM5V7loKnbkUiyWbnYE3BkZYZSwX+vVk1IEidJVc6rnkuMmN8aagqAv39C4oz\nn21NoetGsgsQuQKCAQEAzsFB0giM5heVtneSm585DOaH/mVvS9IfpatEzS0ir/tk\nqgHOIGA6mvEgMIkNA1voqri03tTyAnVKuIlopTHW5qpJst4dJ4u4+MQtbOGCga2v\ndWBY+BPoGM/5MwAByNe6/ehRmsSA32OyAT3hSENuLaxhNhp7Q8rq9UlFLtHeH1Ke\n2yXBgf0sLi9nEzXyPVgKrrr+bU1qxgISmXdkuvIl4alP5kO5rD/C+XcpOCNkfCe7\nUDYUSO5+tn6VB9+EJYD73W/zrcpsy/URW/sMI6zA87yFQhKfES2YDKB3hC6m8/Jh\nkVqiWOITfmZZMN0AIdbJeWcNjDLl+SHvSME2903duQKCAQApFcQkYn0VlDrPLjoR\nKQxs8f8q+FGTBGVE4N8q7mWwIZivO2W2vXogmgvqXsF83UL93EMerLyqGv9JkBJh\nPtVxQaE11Vb7WICFIn1KjqmMEUZqfjcRpzTVKp1iL3n6XWb3ycHy9MRii4faCBCX\nMsbaB9sb2F0U7MgJoZlw9o5oUOIp5eiGym0PWYjoPKy38pwG10AwHhZRuYpsT8xL\nZBOxM3AfwDNRZVttlqwB0RLMiA+NbZSn97lmc6vqvP/LCcWTlFBHu+Ic8ItK/heV\n66rLDmO3XCDngruUEm+vn/ZYVo8r4AOjixZCfg18KUg1zHWphBEz92hB0VmR4hR8\nkOuRAoIBAAxyE605+IlNOCTgs8GMZxnAssT8hCOTRXZqhdy379OaFWgqbacDQ+PZ\nye9CALeIC8xjC/gx51OAjfvnwZXYFzCRZZhPyH996KeI35cjSADYXKx7HT/pqtn7\nguuv/2uAmO/50Re45m0MCkYK3InGDVbQfpWMKIlfKJ+VRoXX+j/2cDuO3UQe4k7x\naYn9gFRy/UmhVflsZJYAv+/fAQBD3UXlNDsPLpkQyYLMyn1nm//hQGRGrRfqy1Pe\n8Meli8XaKs8ckxWODtiEKwRXa1amaoMBgSAGEO8uyG1SJ3+cc05R88+VHhqtmTDN\npmbLlttym3QkYOtkkPVbNpUxlEZ0uHkCggEAeV/j22BskNMspWGApgCJxsOByu/6\n3jULoGPlg5ysQhNIK9JiOWZ+Y0c5b9reGMC2OTJSmSTa6lJiCeOiDKfr7JtJD6ia\nJwMt0clNWprYzBk20nzJvTGSQ08OMPyfWiB1+Ts2p2hwDbt0YXsRYFta4UWdB0X2\nget89LnsfkhF5+8EkrGFxEkNpUX7SAaamysP4nWKhLnOQwoEKM/WPF8gTQ9bgKCO\nupOFsjomst3qc9KjWBpmU8d4UKwsqTCx01cJ5HVIcTu+qANTOClqpiLi1mvJRIw2\noML6X2bLuxMq8QUEttytCdNS4oOV0PPHqwfRy0NiEExE/AttPWzpLz/obw==\n-----END RSA PRIVATE KEY-----\n",
            "private_key_pem_pkcs8": "-----BEGIN PRIVATE KEY-----\nMIIJQQIBADANBgkqhkiG9w0BAQEFAASCCSswggknAgEAAoICAQCzVh085aAoOK5Y\nf5gcxs4k3iCk3MVHOZhTWaLILD4PbRlNhtuDIdLa/lpUjhoca8aivVruojrhcMUy\nQ9NdWsIiP8xc8Zf1mvSv8YE0uyKjpbcg/cM+IKod/DgKIdJBLUnyXPkNxk14EI8x\ns7Vy8Y2FrnPCWSRL6Ksj73QacuuhREOvHCcEYR8FEiTaHgi2aOLBExMfLCodBgU0\nySJUZ7/mCakYVxTHqTFYDlAIV5n+HXBSqF61mg5zGDck2HuRZXl0N8QfOr6Fh1uv\nnZ0IQ2ZlDYuG1F3bit37swqSsIXLPXZDH87jnq17DzjwRGjIojTXt39ef+udAqyS\nD3C+M/qWEPTlWwFkhVS9NiE80n5VLOP30f4SYS3XkuBkI34BVCnJW/us54SW4OzU\n0dyAPrbWxJMN/nABEOtVtPxpoRoM8VM7pVK9ENPCn3fh+bVbFW5cPI+i6sPYTuop\nePiFP29b2Y21107zjVqamphmK5hjCH+mAQ84LTcF6HNwxblsRB/1tiW50sLjtXbw\nIPFJJW6pzIny6vO2RvDhirAnwWkLYqSsMZsdL3DZzbttWXgrrkqv+9x6HQtRvV47\nhsSI7xB/F/lBRK0CxBgNKoC5yMGa2+xzyO8jFnypjUGENLYZurpYUJ3BUlZLq/+g\nueQ677otfixLZUaHk20tJEhGvhPKsQIDAQABAoICAA2ElDee52+gtiOdmo2wvqEw\nzS0gJw6zXLQLsaV9EECBbMLXQ3yi9A3l1lFBVN6HkTV7KHuMZvvPUE31pt0GllOW\nk4T+AQJWZ9NLVP3wjS/gseket7TbKXeRJ3g8DGk1TLmkIHHVXMmMFf8dGLRNWOmW\nuMsRhRbjtuLCjfHgb7p8Ns3gRWCjIX90WqrGUMnPJih/k5Vp8tK1PXc5IglSuLhS\nShi3l61lJ38HtSir0cPB3FGet2Tg8+3hCWcRml7fU0RbX8Eq4GmYRmT6cHfK/NDp\nMHc9UsXVtd3fJRDhlXQ4cc2lfCbUMydvgk86GNvmviz0e/lXkx8GsJNh7pGnwV+m\nHPLnKAPAGgWoBX6G4yN21sqa8Hc9QMVuMT3/VBqUwwUTNMCMteENq5+NuHVjQL0A\nuQkqaW2uw2bvCaffCVUh6a5wl4OophReJAjzoDNX8+NY59UburxRmDJZnxWYhToG\nKQbLNrabgu59BK44pnlD0V3Pukxh4jDmHlWpxMPaw+b8Zfo9DtnzU/jbCF2Lldqy\nJ9nj0IiuDZU/0qfjzmZZ6u+5OPmmUCI1fmku+RxtsX1u56yhQM7CtptcnwAnAtRQ\nvItfNbEaCYPaIfjj+Ektv3EUGuVv2qV30099e0CP5XVa0m8u2fCRwI2oZjdXvs8k\niyxrUcykeE4/SWri0SMBAoIBAQDeDQfbUj1k5jWyE98NiPa18v9jFlj+JDvQq65V\n/+26fDz8619td85OCElklxJxjejX1HI73qEvKAPP2hUOFgNLmjWcvp0AM0GbfNI1\ntQN6S80S4xwpATFIUR9jidzTGoCNjEKkunG8MAQrvdlkb5joXrBRetji3O7IFrJS\nKqHcQ5wS6uW1qjL1dOv7OE3J2wMHShTYUN3r+7JDhQ7430HwBW68Ecxv0lTuWk6h\nUN7jeaWsa/eA6nPoH81MZr2VYH5GuMQrqZDNF7EzlXuWgqduRSLJZudgTcGRlhlL\nBf69WTUgSJ0lVzqueS4yY3xpqCoC/f0LijOfbU2h60ayCxC5AoIBAQDOwUHSCIzm\nF5W2d5KbnzkM5of+ZW9L0h+lq0TNLSKv+2SqAc4gYDqa8SAwiQ0DW+iquLTe1PIC\ndUq4iWilMdbmqkmy3h0ni7j4xC1s4YKBra91YFj4E+gYz/kzAAHI17r96FGaxIDf\nY7IBPeFIQ24trGE2GntDyur1SUUu0d4fUp7bJcGB/SwuL2cTNfI9WAquuv5tTWrG\nAhKZd2S68iXhqU/mQ7msP8L5dyk4I2R8J7tQNhRI7n62fpUH34QlgPvdb/OtymzL\n9RFb+wwjrMDzvIVCEp8RLZgMoHeELqbz8mGRWqJY4hN+Zlkw3QAh1sl5Zw2MMuX5\nIe9IwTb3Td25AoIBACkVxCRifRWUOs8uOhEpDGzx/yr4UZMEZUTg3yruZbAhmK87\nZba9eiCaC+pewXzdQv3cQx6svKoa/0mQEmE+1XFBoTXVVvtYgIUifUqOqYwRRmp+\nNxGnNNUqnWIvefpdZvfJwfL0xGKLh9oIEJcyxtoH2xvYXRTsyAmhmXD2jmhQ4inl\n6IbKbQ9ZiOg8rLfynAbXQDAeFlG5imxPzEtkE7EzcB/AM1FlW22WrAHREsyID41t\nlKf3uWZzq+q8/8sJxZOUUEe74hzwi0r+F5XrqssOY7dcIOeCu5QSb6+f9lhWjyvg\nA6OLFkJ+DXwpSDXMdamEETP3aEHRWZHiFHyQ65ECggEADHITrTn4iU04JOCzwYxn\nGcCyxPyEI5NFdmqF3Lfv05oVaCptpwND49nJ70IAt4gLzGML+DHnU4CN++fBldgX\nMJFlmE/If33op4jflyNIANhcrHsdP+mq2fuC66//a4CY7/nRF7jmbQwKRgrcicYN\nVtB+lYwoiV8on5VGhdf6P/ZwO47dRB7iTvFpif2AVHL9SaFV+WxklgC/798BAEPd\nReU0Ow8umRDJgszKfWeb/+FAZEatF+rLU97wx6WLxdoqzxyTFY4O2IQrBFdrVqZq\ngwGBIAYQ7y7IbVInf5xzTlHzz5UeGq2ZMM2mZsuW23KbdCRg62SQ9Vs2lTGURnS4\neQKCAQB5X+PbYGyQ0yylYYCmAInGw4HK7/reNQugY+WDnKxCE0gr0mI5Zn5jRzlv\n2t4YwLY5MlKZJNrqUmIJ46IMp+vsm0kPqJonAy3RyU1amtjMGTbSfMm9MZJDTw4w\n/J9aIHX5OzanaHANu3RhexFgW1rhRZ0HRfaB63z0uex+SEXn7wSSsYXESQ2lRftI\nBpqbKw/idYqEuc5DCgQoz9Y8XyBND1uAoI66k4WyOiay3epz0qNYGmZTx3hQrCyp\nMLHTVwnkdUhxO76oA1M4KWqmIuLWa8lEjDagwvpfZsu7EyrxBQS23K0J01Lig5XQ\n88erB9HLQ2IQTET8C209bOkvP+hv\n-----END PRIVATE KEY-----\n",
            "public_key_fingerprint_md5": "ee:01:33:1f:f5:05:8a:ff:b3:6a:d0:b3:e9:f4:48:10",
            "public_key_fingerprint_sha256": "SHA256:OlCGybVHJVdx1rxwiDrvsMwhTMf6dQNeGmecioFQXHI",
            "public_key_openssh": "ssh-rsa AAAAB3NzaC1yc2EAAAADAQABAAACAQCzVh085aAoOK5Yf5gcxs4k3iCk3MVHOZhTWaLILD4PbRlNhtuDIdLa/lpUjhoca8aivVruojrhcMUyQ9NdWsIiP8xc8Zf1mvSv8YE0uyKjpbcg/cM+IKod/DgKIdJBLUnyXPkNxk14EI8xs7Vy8Y2FrnPCWSRL6Ksj73QacuuhREOvHCcEYR8FEiTaHgi2aOLBExMfLCodBgU0ySJUZ7/mCakYVxTHqTFYDlAIV5n+HXBSqF61mg5zGDck2HuRZXl0N8QfOr6Fh1uvnZ0IQ2ZlDYuG1F3bit37swqSsIXLPXZDH87jnq17DzjwRGjIojTXt39ef+udAqySD3C+M/qWEPTlWwFkhVS9NiE80n5VLOP30f4SYS3XkuBkI34BVCnJW/us54SW4OzU0dyAPrbWxJMN/nABEOtVtPxpoRoM8VM7pVK9ENPCn3fh+bVbFW5cPI+i6sPYTuopePiFP29b2Y21107zjVqamphmK5hjCH+mAQ84LTcF6HNwxblsRB/1tiW50sLjtXbwIPFJJW6pzIny6vO2RvDhirAnwWkLYqSsMZsdL3DZzbttWXgrrkqv+9x6HQtRvV47hsSI7xB/F/lBRK0CxBgNKoC5yMGa2+xzyO8jFnypjUGENLYZurpYUJ3BUlZLq/+gueQ677otfixLZUaHk20tJEhGvhPKsQ==\n",
            "public_key_pem": "-----BEGIN PUBLIC KEY-----\nMIICIjANBgkqhkiG9w0BAQEFAAOCAg8AMIICCgKCAgEAs1YdPOWgKDiuWH+YHMbO\nJN4gpNzFRzmYU1miyCw+D20ZTYbbgyHS2v5aVI4aHGvGor1a7qI64XDFMkPTXVrC\nIj/MXPGX9Zr0r/GBNLsio6W3IP3DPiCqHfw4CiHSQS1J8lz5DcZNeBCPMbO1cvGN\nha5zwlkkS+irI+90GnLroURDrxwnBGEfBRIk2h4ItmjiwRMTHywqHQYFNMkiVGe/\n5gmpGFcUx6kxWA5QCFeZ/h1wUqhetZoOcxg3JNh7kWV5dDfEHzq+hYdbr52dCENm\nZQ2LhtRd24rd+7MKkrCFyz12Qx/O456tew848ERoyKI017d/Xn/rnQKskg9wvjP6\nlhD05VsBZIVUvTYhPNJ+VSzj99H+EmEt15LgZCN+AVQpyVv7rOeEluDs1NHcgD62\n1sSTDf5wARDrVbT8aaEaDPFTO6VSvRDTwp934fm1WxVuXDyPourD2E7qKXj4hT9v\nW9mNtddO841ampqYZiuYYwh/pgEPOC03BehzcMW5bEQf9bYludLC47V28CDxSSVu\nqcyJ8urztkbw4YqwJ8FpC2KkrDGbHS9w2c27bVl4K65Kr/vceh0LUb1eO4bEiO8Q\nfxf5QUStAsQYDSqAucjBmtvsc8jvIxZ8qY1BhDS2Gbq6WFCdwVJWS6v/oLnkOu+6\nLX4sS2VGh5NtLSRIRr4TyrECAwEAAQ==\n-----END PUBLIC KEY-----\n",
            "rsa_bits": 4096
          },
          "sensitive_attributes": [
            [
              {
                "type": "get_attr",
                "value": "private_key_openssh"
              }
            ],
            [
              {
                "type": "get_attr",
                "value": "private_key_pem"
              }
            ],
            [
              {
                "type": "get_attr",
                "value": "private_key_pem_pkcs8"
              }
            ]
          ],
          "identity_schema_version": 0
        }
      ]
    }
  ],
  "check_results": null
}
